
Microsoft Visual Studio Solution File, Format Version 12.00
# Visual Studio 15
VisualStudioVersion = 15.0.27428.2005
MinimumVisualStudioVersion = 10.0.40219.1
Project("{8BC9CEB8-8B4A-11D0-8D11-00A0C91BC942}") = "Nqueens", "Nqueens\Nqueens.vcxproj", "{617C27E3-24CF-4D4E-95DD-B38C6458A57B}"
EndProject
Global
	GlobalSection(SolutionConfigurationPlatforms) = preSolution
		Debug|x64 = Debug|x64
		Debug|x86 = Debug|x86
		Release|x64 = Release|x64
		Release|x86 = Release|x86
	EndGlobalSection
	GlobalSection(ProjectConfigurationPlatforms) = postSolution
		{617C27E3-24CF-4D4E-95DD-B38C6458A57B}.Debug|x64.ActiveCfg = Debug|x64
		{617C27E3-24CF-4D4E-95DD-B38C6458A57B}.Debug|x64.Build.0 = Debug|x64
		{617C27E3-24CF-4D4E-95DD-B38C6458A57B}.Debug|x86.ActiveCfg = Debug|Win32
		{617C27E3-24CF-4D4E-95DD-B38C6458A57B}.Debug|x86.Build.0 = Debug|Win32
		{617C27E3-24CF-4D4E-95DD-B38C6458A57B}.Release|x64.ActiveCfg = Release|x64
		{617C27E3-24CF-4D4E-95DD-B38C6458A57B}.Release|x64.Build.0 = Release|x64
		{617C27E3-24CF-4D4E-95DD-B38C6458A57B}.Release|x86.ActiveCfg = Release|Win32
		{617C27E3-24CF-4D4E-95DD-B38C6458A57B}.Release|x86.Build.0 = Release|Win32
	EndGlobalSection
	GlobalSection(SolutionProperties) = preSolution
		HideSolutionNode = FALSE
	EndGlobalSection
	GlobalSection(ExtensibilityGlobals) = postSolution
		SolutionGuid = {0D356B1B-8249-4E7A-A2FA-04C7193B374F}
	EndGlobalSection
EndGlobal
