
Microsoft Visual Studio Solution File, Format Version 12.00
# Visual Studio 15
VisualStudioVersion = 15.0.27703.2042
MinimumVisualStudioVersion = 10.0.40219.1
Project("{888888A0-9F3D-457C-B088-3A5042F75D52}") = "binary-tree-level-order-traversal-ii", "binary-tree-level-order-traversal-ii\binary-tree-level-order-traversal-ii.pyproj", "{B84A8B0B-40BB-4207-AD0F-41CB9E6D8FBC}"
EndProject
Global
	GlobalSection(SolutionConfigurationPlatforms) = preSolution
		Debug|Any CPU = Debug|Any CPU
		Release|Any CPU = Release|Any CPU
	EndGlobalSection
	GlobalSection(ProjectConfigurationPlatforms) = postSolution
		{B84A8B0B-40BB-4207-AD0F-41CB9E6D8FBC}.Debug|Any CPU.ActiveCfg = Debug|Any CPU
		{B84A8B0B-40BB-4207-AD0F-41CB9E6D8FBC}.Release|Any CPU.ActiveCfg = Release|Any CPU
	EndGlobalSection
	GlobalSection(SolutionProperties) = preSolution
		HideSolutionNode = FALSE
	EndGlobalSection
	GlobalSection(ExtensibilityGlobals) = postSolution
		SolutionGuid = {DD2CE0F8-96E2-4DF0-9196-DA1807A84743}
	EndGlobalSection
EndGlobal
