
Microsoft Visual Studio Solution File, Format Version 12.00
# Visual Studio 15
VisualStudioVersion = 15.0.27703.2018
MinimumVisualStudioVersion = 10.0.40219.1
Project("{8BC9CEB8-8B4A-11D0-8D11-00A0C91BC942}") = "ImplementQueueByTwoStacks", "ImplementQueueByTwoStacks\ImplementQueueByTwoStacks.vcxproj", "{F4BB9A1B-60A3-4C8F-B337-A0CF62F7B30F}"
EndProject
Global
	GlobalSection(SolutionConfigurationPlatforms) = preSolution
		Debug|x64 = Debug|x64
		Debug|x86 = Debug|x86
		Release|x64 = Release|x64
		Release|x86 = Release|x86
	EndGlobalSection
	GlobalSection(ProjectConfigurationPlatforms) = postSolution
		{F4BB9A1B-60A3-4C8F-B337-A0CF62F7B30F}.Debug|x64.ActiveCfg = Debug|x64
		{F4BB9A1B-60A3-4C8F-B337-A0CF62F7B30F}.Debug|x64.Build.0 = Debug|x64
		{F4BB9A1B-60A3-4C8F-B337-A0CF62F7B30F}.Debug|x86.ActiveCfg = Debug|Win32
		{F4BB9A1B-60A3-4C8F-B337-A0CF62F7B30F}.Debug|x86.Build.0 = Debug|Win32
		{F4BB9A1B-60A3-4C8F-B337-A0CF62F7B30F}.Release|x64.ActiveCfg = Release|x64
		{F4BB9A1B-60A3-4C8F-B337-A0CF62F7B30F}.Release|x64.Build.0 = Release|x64
		{F4BB9A1B-60A3-4C8F-B337-A0CF62F7B30F}.Release|x86.ActiveCfg = Release|Win32
		{F4BB9A1B-60A3-4C8F-B337-A0CF62F7B30F}.Release|x86.Build.0 = Release|Win32
	EndGlobalSection
	GlobalSection(SolutionProperties) = preSolution
		HideSolutionNode = FALSE
	EndGlobalSection
	GlobalSection(ExtensibilityGlobals) = postSolution
		SolutionGuid = {FF06D904-B71B-4209-852E-01ABEF1EE36B}
	EndGlobalSection
EndGlobal
