
Microsoft Visual Studio Solution File, Format Version 12.00
# Visual Studio 15
VisualStudioVersion = 15.0.27428.2005
MinimumVisualStudioVersion = 10.0.40219.1
Project("{8BC9CEB8-8B4A-11D0-8D11-00A0C91BC942}") = "FizzBuzzPring", "FizzBuzzPring\FizzBuzzPring.vcxproj", "{FB0AB6D6-A1D7-43A3-B56C-C917A6F2BE0C}"
EndProject
Global
	GlobalSection(SolutionConfigurationPlatforms) = preSolution
		Debug|x64 = Debug|x64
		Debug|x86 = Debug|x86
		Release|x64 = Release|x64
		Release|x86 = Release|x86
	EndGlobalSection
	GlobalSection(ProjectConfigurationPlatforms) = postSolution
		{FB0AB6D6-A1D7-43A3-B56C-C917A6F2BE0C}.Debug|x64.ActiveCfg = Debug|x64
		{FB0AB6D6-A1D7-43A3-B56C-C917A6F2BE0C}.Debug|x64.Build.0 = Debug|x64
		{FB0AB6D6-A1D7-43A3-B56C-C917A6F2BE0C}.Debug|x86.ActiveCfg = Debug|Win32
		{FB0AB6D6-A1D7-43A3-B56C-C917A6F2BE0C}.Debug|x86.Build.0 = Debug|Win32
		{FB0AB6D6-A1D7-43A3-B56C-C917A6F2BE0C}.Release|x64.ActiveCfg = Release|x64
		{FB0AB6D6-A1D7-43A3-B56C-C917A6F2BE0C}.Release|x64.Build.0 = Release|x64
		{FB0AB6D6-A1D7-43A3-B56C-C917A6F2BE0C}.Release|x86.ActiveCfg = Release|Win32
		{FB0AB6D6-A1D7-43A3-B56C-C917A6F2BE0C}.Release|x86.Build.0 = Release|Win32
	EndGlobalSection
	GlobalSection(SolutionProperties) = preSolution
		HideSolutionNode = FALSE
	EndGlobalSection
	GlobalSection(ExtensibilityGlobals) = postSolution
		SolutionGuid = {A013730C-C984-437B-A820-6848BC001954}
	EndGlobalSection
EndGlobal
