
Microsoft Visual Studio Solution File, Format Version 12.00
# Visual Studio 15
VisualStudioVersion = 15.0.27428.1
MinimumVisualStudioVersion = 10.0.40219.1
Project("{8BC9CEB8-8B4A-11D0-8D11-00A0C91BC942}") = "flatten_list", "flatten_list\flatten_list.vcxproj", "{79EA2EC5-3779-4E97-A185-541D3F7E4E88}"
EndProject
Global
	GlobalSection(SolutionConfigurationPlatforms) = preSolution
		Debug|x64 = Debug|x64
		Debug|x86 = Debug|x86
		Release|x64 = Release|x64
		Release|x86 = Release|x86
	EndGlobalSection
	GlobalSection(ProjectConfigurationPlatforms) = postSolution
		{79EA2EC5-3779-4E97-A185-541D3F7E4E88}.Debug|x64.ActiveCfg = Debug|x64
		{79EA2EC5-3779-4E97-A185-541D3F7E4E88}.Debug|x64.Build.0 = Debug|x64
		{79EA2EC5-3779-4E97-A185-541D3F7E4E88}.Debug|x86.ActiveCfg = Debug|Win32
		{79EA2EC5-3779-4E97-A185-541D3F7E4E88}.Debug|x86.Build.0 = Debug|Win32
		{79EA2EC5-3779-4E97-A185-541D3F7E4E88}.Release|x64.ActiveCfg = Release|x64
		{79EA2EC5-3779-4E97-A185-541D3F7E4E88}.Release|x64.Build.0 = Release|x64
		{79EA2EC5-3779-4E97-A185-541D3F7E4E88}.Release|x86.ActiveCfg = Release|Win32
		{79EA2EC5-3779-4E97-A185-541D3F7E4E88}.Release|x86.Build.0 = Release|Win32
	EndGlobalSection
	GlobalSection(SolutionProperties) = preSolution
		HideSolutionNode = FALSE
	EndGlobalSection
	GlobalSection(ExtensibilityGlobals) = postSolution
		SolutionGuid = {DA909855-D147-4DA3-9E3F-02D5823E0D33}
	EndGlobalSection
EndGlobal
