
Microsoft Visual Studio Solution File, Format Version 12.00
# Visual Studio 15
VisualStudioVersion = 15.0.27428.1
MinimumVisualStudioVersion = 10.0.40219.1
Project("{8BC9CEB8-8B4A-11D0-8D11-00A0C91BC942}") = "MinimumWindowSubstring", "MinimumWindowSubstring\MinimumWindowSubstring.vcxproj", "{F01DB5AA-2297-446F-BD01-9CA41575F1B4}"
EndProject
Global
	GlobalSection(SolutionConfigurationPlatforms) = preSolution
		Debug|x64 = Debug|x64
		Debug|x86 = Debug|x86
		Release|x64 = Release|x64
		Release|x86 = Release|x86
	EndGlobalSection
	GlobalSection(ProjectConfigurationPlatforms) = postSolution
		{F01DB5AA-2297-446F-BD01-9CA41575F1B4}.Debug|x64.ActiveCfg = Debug|x64
		{F01DB5AA-2297-446F-BD01-9CA41575F1B4}.Debug|x64.Build.0 = Debug|x64
		{F01DB5AA-2297-446F-BD01-9CA41575F1B4}.Debug|x86.ActiveCfg = Debug|Win32
		{F01DB5AA-2297-446F-BD01-9CA41575F1B4}.Debug|x86.Build.0 = Debug|Win32
		{F01DB5AA-2297-446F-BD01-9CA41575F1B4}.Release|x64.ActiveCfg = Release|x64
		{F01DB5AA-2297-446F-BD01-9CA41575F1B4}.Release|x64.Build.0 = Release|x64
		{F01DB5AA-2297-446F-BD01-9CA41575F1B4}.Release|x86.ActiveCfg = Release|Win32
		{F01DB5AA-2297-446F-BD01-9CA41575F1B4}.Release|x86.Build.0 = Release|Win32
	EndGlobalSection
	GlobalSection(SolutionProperties) = preSolution
		HideSolutionNode = FALSE
	EndGlobalSection
	GlobalSection(ExtensibilityGlobals) = postSolution
		SolutionGuid = {CACBC2D6-0B8E-4261-9195-CEEB253547BC}
	EndGlobalSection
EndGlobal
