
Microsoft Visual Studio Solution File, Format Version 12.00
# Visual Studio 15
VisualStudioVersion = 15.0.27703.2042
MinimumVisualStudioVersion = 10.0.40219.1
Project("{888888A0-9F3D-457C-B088-3A5042F75D52}") = "binary-tree-level-order-traversal", "binary-tree-level-order-traversal\binary-tree-level-order-traversal.pyproj", "{0B87D5AD-FD2D-4046-A361-CDE79C6BF98D}"
EndProject
Global
	GlobalSection(SolutionConfigurationPlatforms) = preSolution
		Debug|Any CPU = Debug|Any CPU
		Release|Any CPU = Release|Any CPU
	EndGlobalSection
	GlobalSection(ProjectConfigurationPlatforms) = postSolution
		{0B87D5AD-FD2D-4046-A361-CDE79C6BF98D}.Debug|Any CPU.ActiveCfg = Debug|Any CPU
		{0B87D5AD-FD2D-4046-A361-CDE79C6BF98D}.Release|Any CPU.ActiveCfg = Release|Any CPU
	EndGlobalSection
	GlobalSection(SolutionProperties) = preSolution
		HideSolutionNode = FALSE
	EndGlobalSection
	GlobalSection(ExtensibilityGlobals) = postSolution
		SolutionGuid = {B16989EB-48AC-4CF0-9FA7-98977C14D8C2}
	EndGlobalSection
EndGlobal
